// !$*UTF8*$!
{
	archiveVersion = 1;
	classes = {
	};
	objectVersion = 56;
	objects = {

/* Begin PBXBuildFile section */
		18161E9F2A53DEC000A5C1A5 /* WeatherViewModel.swift in Sources */ = {isa = PBXBuildFile; fileRef = 18161E9E2A53DEC000A5C1A5 /* WeatherViewModel.swift */; };
		18161EA42A55397100A5C1A5 /* WeatherDelegate.swift in Sources */ = {isa = PBXBuildFile; fileRef = 18161EA32A55397100A5C1A5 /* WeatherDelegate.swift */; };
		18161EA72A554D3700A5C1A5 /* Enum.swift in Sources */ = {isa = PBXBuildFile; fileRef = 18161EA62A554D3700A5C1A5 /* Enum.swift */; };
		18679D6E2A4D86C40084B931 /* AppDelegate.swift in Sources */ = {isa = PBXBuildFile; fileRef = 18679D6D2A4D86C40084B931 /* AppDelegate.swift */; };
		18679D702A4D86C40084B931 /* SceneDelegate.swift in Sources */ = {isa = PBXBuildFile; fileRef = 18679D6F2A4D86C40084B931 /* SceneDelegate.swift */; };
		18679D722A4D86C40084B931 /* ViewController.swift in Sources */ = {isa = PBXBuildFile; fileRef = 18679D712A4D86C40084B931 /* ViewController.swift */; };
		18679D752A4D86C40084B931 /* Main.storyboard in Resources */ = {isa = PBXBuildFile; fileRef = 18679D732A4D86C40084B931 /* Main.storyboard */; };
		18679D772A4D86C50084B931 /* Assets.xcassets in Resources */ = {isa = PBXBuildFile; fileRef = 18679D762A4D86C50084B931 /* Assets.xcassets */; };
		18679D7A2A4D86C50084B931 /* LaunchScreen.storyboard in Resources */ = {isa = PBXBuildFile; fileRef = 18679D782A4D86C50084B931 /* LaunchScreen.storyboard */; };
		18679D822A4D871E0084B931 /* gitignore in Resources */ = {isa = PBXBuildFile; fileRef = 18679D812A4D871E0084B931 /* gitignore */; };
		1891B0152A4E675F00D50ED2 /* NetworkingManager.swift in Sources */ = {isa = PBXBuildFile; fileRef = 1891B0142A4E675F00D50ED2 /* NetworkingManager.swift */; };
		1891B0182A4E733E00D50ED2 /* WeatherResults.swift in Sources */ = {isa = PBXBuildFile; fileRef = 1891B0172A4E733E00D50ED2 /* WeatherResults.swift */; };
		C40C2F23C8FFD967066CF351 /* Pods_SimpleWeather.framework in Frameworks */ = {isa = PBXBuildFile; fileRef = AB835ADDCF6CC677FA286892 /* Pods_SimpleWeather.framework */; };
/* End PBXBuildFile section */

/* Begin PBXFileReference section */
		0991FA3FF444FB606DFBB495 /* Pods-SimpleWeather.release.xcconfig */ = {isa = PBXFileReference; includeInIndex = 1; lastKnownFileType = text.xcconfig; name = "Pods-SimpleWeather.release.xcconfig"; path = "Target Support Files/Pods-SimpleWeather/Pods-SimpleWeather.release.xcconfig"; sourceTree = "<group>"; };
		18161E9E2A53DEC000A5C1A5 /* WeatherViewModel.swift */ = {isa = PBXFileReference; lastKnownFileType = sourcecode.swift; path = WeatherViewModel.swift; sourceTree = "<group>"; };
		18161EA32A55397100A5C1A5 /* WeatherDelegate.swift */ = {isa = PBXFileReference; lastKnownFileType = sourcecode.swift; path = WeatherDelegate.swift; sourceTree = "<group>"; };
		18161EA62A554D3700A5C1A5 /* Enum.swift */ = {isa = PBXFileReference; lastKnownFileType = sourcecode.swift; path = Enum.swift; sourceTree = "<group>"; };
		18679D6A2A4D86C40084B931 /* SimpleWeather.app */ = {isa = PBXFileReference; explicitFileType = wrapper.application; includeInIndex = 0; path = SimpleWeather.app; sourceTree = BUILT_PRODUCTS_DIR; };
		18679D6D2A4D86C40084B931 /* AppDelegate.swift */ = {isa = PBXFileReference; lastKnownFileType = sourcecode.swift; path = AppDelegate.swift; sourceTree = "<group>"; };
		18679D6F2A4D86C40084B931 /* SceneDelegate.swift */ = {isa = PBXFileReference; lastKnownFileType = sourcecode.swift; path = SceneDelegate.swift; sourceTree = "<group>"; };
		18679D712A4D86C40084B931 /* ViewController.swift */ = {isa = PBXFileReference; lastKnownFileType = sourcecode.swift; path = ViewController.swift; sourceTree = "<group>"; };
		18679D742A4D86C40084B931 /* Base */ = {isa = PBXFileReference; lastKnownFileType = file.storyboard; name = Base; path = Base.lproj/Main.storyboard; sourceTree = "<group>"; };
		18679D762A4D86C50084B931 /* Assets.xcassets */ = {isa = PBXFileReference; lastKnownFileType = folder.assetcatalog; path = Assets.xcassets; sourceTree = "<group>"; };
		18679D792A4D86C50084B931 /* Base */ = {isa = PBXFileReference; lastKnownFileType = file.storyboard; name = Base; path = Base.lproj/LaunchScreen.storyboard; sourceTree = "<group>"; };
		18679D7B2A4D86C50084B931 /* Info.plist */ = {isa = PBXFileReference; lastKnownFileType = text.plist.xml; path = Info.plist; sourceTree = "<group>"; };
		18679D812A4D871E0084B931 /* gitignore */ = {isa = PBXFileReference; lastKnownFileType = text; path = gitignore; sourceTree = "<group>"; };
		1891B0142A4E675F00D50ED2 /* NetworkingManager.swift */ = {isa = PBXFileReference; lastKnownFileType = sourcecode.swift; path = NetworkingManager.swift; sourceTree = "<group>"; };
		1891B0172A4E733E00D50ED2 /* WeatherResults.swift */ = {isa = PBXFileReference; lastKnownFileType = sourcecode.swift; path = WeatherResults.swift; sourceTree = "<group>"; };
		404DBE05AB5098D21ACCF807 /* Pods-SimpleWeather.debug.xcconfig */ = {isa = PBXFileReference; includeInIndex = 1; lastKnownFileType = text.xcconfig; name = "Pods-SimpleWeather.debug.xcconfig"; path = "Target Support Files/Pods-SimpleWeather/Pods-SimpleWeather.debug.xcconfig"; sourceTree = "<group>"; };
		AB835ADDCF6CC677FA286892 /* Pods_SimpleWeather.framework */ = {isa = PBXFileReference; explicitFileType = wrapper.framework; includeInIndex = 0; path = Pods_SimpleWeather.framework; sourceTree = BUILT_PRODUCTS_DIR; };
/* End PBXFileReference section */

/* Begin PBXFrameworksBuildPhase section */
		18679D672A4D86C40084B931 /* Frameworks */ = {
			isa = PBXFrameworksBuildPhase;
			buildActionMask = 2147483647;
			files = (
				C40C2F23C8FFD967066CF351 /* Pods_SimpleWeather.framework in Frameworks */,
			);
			runOnlyForDeploymentPostprocessing = 0;
		};
/* End PBXFrameworksBuildPhase section */

/* Begin PBXGroup section */
		18161EA12A551D9300A5C1A5 /* View */ = {
			isa = PBXGroup;
			children = (
				18679D712A4D86C40084B931 /* ViewController.swift */,
				18679D732A4D86C40084B931 /* Main.storyboard */,
			);
			path = View;
			sourceTree = "<group>";
		};
		18161EA22A55395900A5C1A5 /* Protocol */ = {
			isa = PBXGroup;
			children = (
				18161EA32A55397100A5C1A5 /* WeatherDelegate.swift */,
			);
			path = Protocol;
			sourceTree = "<group>";
		};
		18161EA52A554D2A00A5C1A5 /* Enum */ = {
			isa = PBXGroup;
			children = (
				18161EA62A554D3700A5C1A5 /* Enum.swift */,
			);
			name = Enum;
			sourceTree = "<group>";
		};
		18679D612A4D86C40084B931 = {
			isa = PBXGroup;
			children = (
				18679D812A4D871E0084B931 /* gitignore */,
				18679D6C2A4D86C40084B931 /* SimpleWeather */,
				18679D6B2A4D86C40084B931 /* Products */,
				4E1EFF957AE88B3A497382E3 /* Pods */,
				B379DDABAF2E7C4D318FB6A1 /* Frameworks */,
			);
			sourceTree = "<group>";
		};
		18679D6B2A4D86C40084B931 /* Products */ = {
			isa = PBXGroup;
			children = (
				18679D6A2A4D86C40084B931 /* SimpleWeather.app */,
			);
			name = Products;
			sourceTree = "<group>";
		};
		18679D6C2A4D86C40084B931 /* SimpleWeather */ = {
			isa = PBXGroup;
			children = (
				18679D6D2A4D86C40084B931 /* AppDelegate.swift */,
				18679D6F2A4D86C40084B931 /* SceneDelegate.swift */,
				18161EA52A554D2A00A5C1A5 /* Enum */,
				18161EA22A55395900A5C1A5 /* Protocol */,
				1891B0132A4E673A00D50ED2 /* Service */,
				1891B0162A4E72C200D50ED2 /* Model */,
				1891B0192A4E84D000D50ED2 /* ViewModel */,
				18161EA12A551D9300A5C1A5 /* View */,
				18679D762A4D86C50084B931 /* Assets.xcassets */,
				18679D782A4D86C50084B931 /* LaunchScreen.storyboard */,
				18679D7B2A4D86C50084B931 /* Info.plist */,
			);
			path = SimpleWeather;
			sourceTree = "<group>";
		};
		1891B0132A4E673A00D50ED2 /* Service */ = {
			isa = PBXGroup;
			children = (
				1891B0142A4E675F00D50ED2 /* NetworkingManager.swift */,
			);
			path = Service;
			sourceTree = "<group>";
		};
		1891B0162A4E72C200D50ED2 /* Model */ = {
			isa = PBXGroup;
			children = (
				1891B0172A4E733E00D50ED2 /* WeatherResults.swift */,
			);
			path = Model;
			sourceTree = "<group>";
		};
		1891B0192A4E84D000D50ED2 /* ViewModel */ = {
			isa = PBXGroup;
			children = (
				18161E9E2A53DEC000A5C1A5 /* WeatherViewModel.swift */,
			);
			path = ViewModel;
			sourceTree = "<group>";
		};
		4E1EFF957AE88B3A497382E3 /* Pods */ = {
			isa = PBXGroup;
			children = (
				404DBE05AB5098D21ACCF807 /* Pods-SimpleWeather.debug.xcconfig */,
				0991FA3FF444FB606DFBB495 /* Pods-SimpleWeather.release.xcconfig */,
			);
			path = Pods;
			sourceTree = "<group>";
		};
		B379DDABAF2E7C4D318FB6A1 /* Frameworks */ = {
			isa = PBXGroup;
			children = (
				AB835ADDCF6CC677FA286892 /* Pods_SimpleWeather.framework */,
			);
			name = Frameworks;
			sourceTree = "<group>";
		};
/* End PBXGroup section */

/* Begin PBXNativeTarget section */
		18679D692A4D86C40084B931 /* SimpleWeather */ = {
			isa = PBXNativeTarget;
			buildConfigurationList = 18679D7E2A4D86C50084B931 /* Build configuration list for PBXNativeTarget "SimpleWeather" */;
			buildPhases = (
				B1517E3DECC91AEDE33B7613 /* [CP] Check Pods Manifest.lock */,
				18679D662A4D86C40084B931 /* Sources */,
				18679D672A4D86C40084B931 /* Frameworks */,
				18679D682A4D86C40084B931 /* Resources */,
				CFD6C8E9E3DF0FE404F1C4AE /* [CP] Embed Pods Frameworks */,
			);
			buildRules = (
			);
			dependencies = (
			);
			name = SimpleWeather;
			productName = SimpleWeather;
			productReference = 18679D6A2A4D86C40084B931 /* SimpleWeather.app */;
			productType = "com.apple.product-type.application";
		};
/* End PBXNativeTarget section */

/* Begin PBXProject section */
		18679D622A4D86C40084B931 /* Project object */ = {
			isa = PBXProject;
			attributes = {
				BuildIndependentTargetsInParallel = 1;
				LastSwiftUpdateCheck = 1430;
				LastUpgradeCheck = 1430;
				TargetAttributes = {
					18679D692A4D86C40084B931 = {
						CreatedOnToolsVersion = 14.3.1;
					};
				};
			};
			buildConfigurationList = 18679D652A4D86C40084B931 /* Build configuration list for PBXProject "SimpleWeather" */;
			compatibilityVersion = "Xcode 14.0";
			developmentRegion = en;
			hasScannedForEncodings = 0;
			knownRegions = (
				en,
				Base,
			);
			mainGroup = 18679D612A4D86C40084B931;
			productRefGroup = 18679D6B2A4D86C40084B931 /* Products */;
			projectDirPath = "";
			projectRoot = "";
			targets = (
				18679D692A4D86C40084B931 /* SimpleWeather */,
			);
		};
/* End PBXProject section */

/* Begin PBXResourcesBuildPhase section */
		18679D682A4D86C40084B931 /* Resources */ = {
			isa = PBXResourcesBuildPhase;
			buildActionMask = 2147483647;
			files = (
				18679D7A2A4D86C50084B931 /* LaunchScreen.storyboard in Resources */,
				18679D822A4D871E0084B931 /* gitignore in Resources */,
				18679D772A4D86C50084B931 /* Assets.xcassets in Resources */,
				18679D752A4D86C40084B931 /* Main.storyboard in Resources */,
			);
			runOnlyForDeploymentPostprocessing = 0;
		};
/* End PBXResourcesBuildPhase section */

/* Begin PBXShellScriptBuildPhase section */
		B1517E3DECC91AEDE33B7613 /* [CP] Check Pods Manifest.lock */ = {
			isa = PBXShellScriptBuildPhase;
			buildActionMask = 2147483647;
			files = (
			);
			inputFileListPaths = (
			);
			inputPaths = (
				"${PODS_PODFILE_DIR_PATH}/Podfile.lock",
				"${PODS_ROOT}/Manifest.lock",
			);
			name = "[CP] Check Pods Manifest.lock";
			outputFileListPaths = (
			);
			outputPaths = (
				"$(DERIVED_FILE_DIR)/Pods-SimpleWeather-checkManifestLockResult.txt",
			);
			runOnlyForDeploymentPostprocessing = 0;
			shellPath = /bin/sh;
			shellScript = "diff \"${PODS_PODFILE_DIR_PATH}/Podfile.lock\" \"${PODS_ROOT}/Manifest.lock\" > /dev/null\nif [ $? != 0 ] ; then\n    # print error to STDERR\n    echo \"error: The sandbox is not in sync with the Podfile.lock. Run 'pod install' or update your CocoaPods installation.\" >&2\n    exit 1\nfi\n# This output is used by Xcode 'outputs' to avoid re-running this script phase.\necho \"SUCCESS\" > \"${SCRIPT_OUTPUT_FILE_0}\"\n";
			showEnvVarsInLog = 0;
		};
		CFD6C8E9E3DF0FE404F1C4AE /* [CP] Embed Pods Frameworks */ = {
			isa = PBXShellScriptBuildPhase;
			buildActionMask = 2147483647;
			files = (
			);
			inputFileListPaths = (
				"${PODS_ROOT}/Target Support Files/Pods-SimpleWeather/Pods-SimpleWeather-frameworks-${CONFIGURATION}-input-files.xcfilelist",
			);
			name = "[CP] Embed Pods Frameworks";
			outputFileListPaths = (
				"${PODS_ROOT}/Target Support Files/Pods-SimpleWeather/Pods-SimpleWeather-frameworks-${CONFIGURATION}-output-files.xcfilelist",
			);
			runOnlyForDeploymentPostprocessing = 0;
			shellPath = /bin/sh;
			shellScript = "\"${PODS_ROOT}/Target Support Files/Pods-SimpleWeather/Pods-SimpleWeather-frameworks.sh\"\n";
			showEnvVarsInLog = 0;
		};
/* End PBXShellScriptBuildPhase section */

/* Begin PBXSourcesBuildPhase section */
		18679D662A4D86C40084B931 /* Sources */ = {
			isa = PBXSourcesBuildPhase;
			buildActionMask = 2147483647;
			files = (
				1891B0182A4E733E00D50ED2 /* WeatherResults.swift in Sources */,
				18161EA72A554D3700A5C1A5 /* Enum.swift in Sources */,
				18161E9F2A53DEC000A5C1A5 /* WeatherViewModel.swift in Sources */,
				18679D722A4D86C40084B931 /* ViewController.swift in Sources */,
				1891B0152A4E675F00D50ED2 /* NetworkingManager.swift in Sources */,
				18679D6E2A4D86C40084B931 /* AppDelegate.swift in Sources */,
				18679D702A4D86C40084B931 /* SceneDelegate.swift in Sources */,
				18161EA42A55397100A5C1A5 /* WeatherDelegate.swift in Sources */,
			);
			runOnlyForDeploymentPostprocessing = 0;
		};
/* End PBXSourcesBuildPhase section */

/* Begin PBXVariantGroup section */
		18679D732A4D86C40084B931 /* Main.storyboard */ = {
			isa = PBXVariantGroup;
			children = (
				18679D742A4D86C40084B931 /* Base */,
			);
			name = Main.storyboard;
			sourceTree = "<group>";
		};
		18679D782A4D86C50084B931 /* LaunchScreen.storyboard */ = {
			isa = PBXVariantGroup;
			children = (
				18679D792A4D86C50084B931 /* Base */,
			);
			name = LaunchScreen.storyboard;
			sourceTree = "<group>";
		};
/* End PBXVariantGroup section */

/* Begin XCBuildConfiguration section */
		18679D7C2A4D86C50084B931 /* Debug */ = {
			isa = XCBuildConfiguration;
			buildSettings = {
				ALWAYS_SEARCH_USER_PATHS = NO;
				CLANG_ANALYZER_NONNULL = YES;
				CLANG_ANALYZER_NUMBER_OBJECT_CONVERSION = YES_AGGRESSIVE;
				CLANG_CXX_LANGUAGE_STANDARD = "gnu++20";
				CLANG_ENABLE_MODULES = YES;
				CLANG_ENABLE_OBJC_ARC = YES;
				CLANG_ENABLE_OBJC_WEAK = YES;
				CLANG_WARN_BLOCK_CAPTURE_AUTORELEASING = YES;
				CLANG_WARN_BOOL_CONVERSION = YES;
				CLANG_WARN_COMMA = YES;
				CLANG_WARN_CONSTANT_CONVERSION = YES;
				CLANG_WARN_DEPRECATED_OBJC_IMPLEMENTATIONS = YES;
				CLANG_WARN_DIRECT_OBJC_ISA_USAGE = YES_ERROR;
				CLANG_WARN_DOCUMENTATION_COMMENTS = YES;
				CLANG_WARN_EMPTY_BODY = YES;
				CLANG_WARN_ENUM_CONVERSION = YES;
				CLANG_WARN_INFINITE_RECURSION = YES;
				CLANG_WARN_INT_CONVERSION = YES;
				CLANG_WARN_NON_LITERAL_NULL_CONVERSION = YES;
				CLANG_WARN_OBJC_IMPLICIT_RETAIN_SELF = YES;
				CLANG_WARN_OBJC_LITERAL_CONVERSION = YES;
				CLANG_WARN_OBJC_ROOT_CLASS = YES_ERROR;
				CLANG_WARN_QUOTED_INCLUDE_IN_FRAMEWORK_HEADER = YES;
				CLANG_WARN_RANGE_LOOP_ANALYSIS = YES;
				CLANG_WARN_STRICT_PROTOTYPES = YES;
				CLANG_WARN_SUSPICIOUS_MOVE = YES;
				CLANG_WARN_UNGUARDED_AVAILABILITY = YES_AGGRESSIVE;
				CLANG_WARN_UNREACHABLE_CODE = YES;
				CLANG_WARN__DUPLICATE_METHOD_MATCH = YES;
				COPY_PHASE_STRIP = NO;
				DEBUG_INFORMATION_FORMAT = dwarf;
				ENABLE_STRICT_OBJC_MSGSEND = YES;
				ENABLE_TESTABILITY = YES;
				GCC_C_LANGUAGE_STANDARD = gnu11;
				GCC_DYNAMIC_NO_PIC = NO;
				GCC_NO_COMMON_BLOCKS = YES;
				GCC_OPTIMIZATION_LEVEL = 0;
				GCC_PREPROCESSOR_DEFINITIONS = (
					"DEBUG=1",
					"$(inherited)",
				);
				GCC_WARN_64_TO_32_BIT_CONVERSION = YES;
				GCC_WARN_ABOUT_RETURN_TYPE = YES_ERROR;
				GCC_WARN_UNDECLARED_SELECTOR = YES;
				GCC_WARN_UNINITIALIZED_AUTOS = YES_AGGRESSIVE;
				GCC_WARN_UNUSED_FUNCTION = YES;
				GCC_WARN_UNUSED_VARIABLE = YES;
				IPHONEOS_DEPLOYMENT_TARGET = 16.4;
				MTL_ENABLE_DEBUG_INFO = INCLUDE_SOURCE;
				MTL_FAST_MATH = YES;
				ONLY_ACTIVE_ARCH = YES;
				SDKROOT = iphoneos;
				SWIFT_ACTIVE_COMPILATION_CONDITIONS = DEBUG;
				SWIFT_OPTIMIZATION_LEVEL = "-Onone";
			};
			name = Debug;
		};
		18679D7D2A4D86C50084B931 /* Release */ = {
			isa = XCBuildConfiguration;
			buildSettings = {
				ALWAYS_SEARCH_USER_PATHS = NO;
				CLANG_ANALYZER_NONNULL = YES;
				CLANG_ANALYZER_NUMBER_OBJECT_CONVERSION = YES_AGGRESSIVE;
				CLANG_CXX_LANGUAGE_STANDARD = "gnu++20";
				CLANG_ENABLE_MODULES = YES;
				CLANG_ENABLE_OBJC_ARC = YES;
				CLANG_ENABLE_OBJC_WEAK = YES;
				CLANG_WARN_BLOCK_CAPTURE_AUTORELEASING = YES;
				CLANG_WARN_BOOL_CONVERSION = YES;
				CLANG_WARN_COMMA = YES;
				CLANG_WARN_CONSTANT_CONVERSION = YES;
				CLANG_WARN_DEPRECATED_OBJC_IMPLEMENTATIONS = YES;
				CLANG_WARN_DIRECT_OBJC_ISA_USAGE = YES_ERROR;
				CLANG_WARN_DOCUMENTATION_COMMENTS = YES;
				CLANG_WARN_EMPTY_BODY = YES;
				CLANG_WARN_ENUM_CONVERSION = YES;
				CLANG_WARN_INFINITE_RECURSION = YES;
				CLANG_WARN_INT_CONVERSION = YES;
				CLANG_WARN_NON_LITERAL_NULL_CONVERSION = YES;
				CLANG_WARN_OBJC_IMPLICIT_RETAIN_SELF = YES;
				CLANG_WARN_OBJC_LITERAL_CONVERSION = YES;
				CLANG_WARN_OBJC_ROOT_CLASS = YES_ERROR;
				CLANG_WARN_QUOTED_INCLUDE_IN_FRAMEWORK_HEADER = YES;
				CLANG_WARN_RANGE_LOOP_ANALYSIS = YES;
				CLANG_WARN_STRICT_PROTOTYPES = YES;
				CLANG_WARN_SUSPICIOUS_MOVE = YES;
				CLANG_WARN_UNGUARDED_AVAILABILITY = YES_AGGRESSIVE;
				CLANG_WARN_UNREACHABLE_CODE = YES;
				CLANG_WARN__DUPLICATE_METHOD_MATCH = YES;
				COPY_PHASE_STRIP = NO;
				DEBUG_INFORMATION_FORMAT = "dwarf-with-dsym";
				ENABLE_NS_ASSERTIONS = NO;
				ENABLE_STRICT_OBJC_MSGSEND = YES;
				GCC_C_LANGUAGE_STANDARD = gnu11;
				GCC_NO_COMMON_BLOCKS = YES;
				GCC_WARN_64_TO_32_BIT_CONVERSION = YES;
				GCC_WARN_ABOUT_RETURN_TYPE = YES_ERROR;
				GCC_WARN_UNDECLARED_SELECTOR = YES;
				GCC_WARN_UNINITIALIZED_AUTOS = YES_AGGRESSIVE;
				GCC_WARN_UNUSED_FUNCTION = YES;
				GCC_WARN_UNUSED_VARIABLE = YES;
				IPHONEOS_DEPLOYMENT_TARGET = 16.4;
				MTL_ENABLE_DEBUG_INFO = NO;
				MTL_FAST_MATH = YES;
				SDKROOT = iphoneos;
				SWIFT_COMPILATION_MODE = wholemodule;
				SWIFT_OPTIMIZATION_LEVEL = "-O";
				VALIDATE_PRODUCT = YES;
			};
			name = Release;
		};
		18679D7F2A4D86C50084B931 /* Debug */ = {
			isa = XCBuildConfiguration;
			baseConfigurationReference = 404DBE05AB5098D21ACCF807 /* Pods-SimpleWeather.debug.xcconfig */;
			buildSettings = {
				ASSETCATALOG_COMPILER_APPICON_NAME = AppIcon;
				ASSETCATALOG_COMPILER_GLOBAL_ACCENT_COLOR_NAME = AccentColor;
				CODE_SIGN_STYLE = Automatic;
				CURRENT_PROJECT_VERSION = 1;
				DEVELOPMENT_TEAM = 5Y43RDX3FM;
				GENERATE_INFOPLIST_FILE = YES;
				INFOPLIST_FILE = SimpleWeather/Info.plist;
				INFOPLIST_KEY_UIApplicationSupportsIndirectInputEvents = YES;
				INFOPLIST_KEY_UILaunchStoryboardName = LaunchScreen;
				INFOPLIST_KEY_UIMainStoryboardFile = Main;
				INFOPLIST_KEY_UIRequiresFullScreen = YES;
				INFOPLIST_KEY_UIStatusBarStyle = "";
				INFOPLIST_KEY_UISupportedInterfaceOrientations = UIInterfaceOrientationPortrait;
				IPHONEOS_DEPLOYMENT_TARGET = 15.0;
				LD_RUNPATH_SEARCH_PATHS = (
					"$(inherited)",
					"@executable_path/Frameworks",
				);
				MARKETING_VERSION = 1.0;
				PRODUCT_BUNDLE_IDENTIFIER = com.syPark.SimpleWeather;
				PRODUCT_NAME = "$(TARGET_NAME)";
				SWIFT_EMIT_LOC_STRINGS = YES;
				SWIFT_VERSION = 5.0;
				TARGETED_DEVICE_FAMILY = "1,2";
			};
			name = Debug;
		};
		18679D802A4D86C50084B931 /* Release */ = {
			isa = XCBuildConfiguration;
			baseConfigurationReference = 0991FA3FF444FB606DFBB495 /* Pods-SimpleWeather.release.xcconfig */;
			buildSettings = {
				ASSETCATALOG_COMPILER_APPICON_NAME = AppIcon;
				ASSETCATALOG_COMPILER_GLOBAL_ACCENT_COLOR_NAME = AccentColor;
				CODE_SIGN_STYLE = Automatic;
				CURRENT_PROJECT_VERSION = 1;
				DEVELOPMENT_TEAM = 5Y43RDX3FM;
				GENERATE_INFOPLIST_FILE = YES;
				INFOPLIST_FILE = SimpleWeather/Info.plist;
				INFOPLIST_KEY_UIApplicationSupportsIndirectInputEvents = YES;
				INFOPLIST_KEY_UILaunchStoryboardName = LaunchScreen;
				INFOPLIST_KEY_UIMainStoryboardFile = Main;
				INFOPLIST_KEY_UIRequiresFullScreen = YES;
				INFOPLIST_KEY_UIStatusBarStyle = "";
				INFOPLIST_KEY_UISupportedInterfaceOrientations = UIInterfaceOrientationPortrait;
				IPHONEOS_DEPLOYMENT_TARGET = 15.0;
				LD_RUNPATH_SEARCH_PATHS = (
					"$(inherited)",
					"@executable_path/Frameworks",
				);
				MARKETING_VERSION = 1.0;
				PRODUCT_BUNDLE_IDENTIFIER = com.syPark.SimpleWeather;
				PRODUCT_NAME = "$(TARGET_NAME)";
				SWIFT_EMIT_LOC_STRINGS = YES;
				SWIFT_VERSION = 5.0;
				TARGETED_DEVICE_FAMILY = "1,2";
			};
			name = Release;
		};
/* End XCBuildConfiguration section */

/* Begin XCConfigurationList section */
		18679D652A4D86C40084B931 /* Build configuration list for PBXProject "SimpleWeather" */ = {
			isa = XCConfigurationList;
			buildConfigurations = (
				18679D7C2A4D86C50084B931 /* Debug */,
				18679D7D2A4D86C50084B931 /* Release */,
			);
			defaultConfigurationIsVisible = 0;
			defaultConfigurationName = Release;
		};
		18679D7E2A4D86C50084B931 /* Build configuration list for PBXNativeTarget "SimpleWeather" */ = {
			isa = XCConfigurationList;
			buildConfigurations = (
				18679D7F2A4D86C50084B931 /* Debug */,
				18679D802A4D86C50084B931 /* Release */,
			);
			defaultConfigurationIsVisible = 0;
			defaultConfigurationName = Release;
		};
/* End XCConfigurationList section */
	};
	rootObject = 18679D622A4D86C40084B931 /* Project object */;
}
